
Microsoft Visual Studio Solution File, Format Version 12.00
# Visual Studio Version 16
VisualStudioVersion = 16.0.30114.105
MinimumVisualStudioVersion = 10.0.40219.1
Project("{FAE04EC0-301F-11D3-BF4B-00C04F79EFBC}") = "R5T.Herulia", "R5T.Herulia\R5T.Herulia.csproj", "{5D3C9CCE-8E41-4CEF-8E9B-54CFDECA74C7}"
EndProject
Project("{FAE04EC0-301F-11D3-BF4B-00C04F79EFBC}") = "R5T.Herulia.Construction", "R5T.Herulia.Construction\R5T.Herulia.Construction.csproj", "{B61E0721-2572-43CD-B2BE-16838C795012}"
EndProject
Project("{FAE04EC0-301F-11D3-BF4B-00C04F79EFBC}") = "R5T.Herulia.Extensions", "R5T.Herulia.Extensions\R5T.Herulia.Extensions.csproj", "{0B0A9B9E-4A56-4C32-9BC2-DA2530ACB5B3}"
EndProject
Global
	GlobalSection(SolutionConfigurationPlatforms) = preSolution
		Debug|Any CPU = Debug|Any CPU
		Debug|x64 = Debug|x64
		Debug|x86 = Debug|x86
		Release|Any CPU = Release|Any CPU
		Release|x64 = Release|x64
		Release|x86 = Release|x86
	EndGlobalSection
	GlobalSection(SolutionProperties) = preSolution
		HideSolutionNode = FALSE
	EndGlobalSection
	GlobalSection(ProjectConfigurationPlatforms) = postSolution
		{5D3C9CCE-8E41-4CEF-8E9B-54CFDECA74C7}.Debug|Any CPU.ActiveCfg = Debug|Any CPU
		{5D3C9CCE-8E41-4CEF-8E9B-54CFDECA74C7}.Debug|Any CPU.Build.0 = Debug|Any CPU
		{5D3C9CCE-8E41-4CEF-8E9B-54CFDECA74C7}.Debug|x64.ActiveCfg = Debug|Any CPU
		{5D3C9CCE-8E41-4CEF-8E9B-54CFDECA74C7}.Debug|x64.Build.0 = Debug|Any CPU
		{5D3C9CCE-8E41-4CEF-8E9B-54CFDECA74C7}.Debug|x86.ActiveCfg = Debug|Any CPU
		{5D3C9CCE-8E41-4CEF-8E9B-54CFDECA74C7}.Debug|x86.Build.0 = Debug|Any CPU
		{5D3C9CCE-8E41-4CEF-8E9B-54CFDECA74C7}.Release|Any CPU.ActiveCfg = Release|Any CPU
		{5D3C9CCE-8E41-4CEF-8E9B-54CFDECA74C7}.Release|Any CPU.Build.0 = Release|Any CPU
		{5D3C9CCE-8E41-4CEF-8E9B-54CFDECA74C7}.Release|x64.ActiveCfg = Release|Any CPU
		{5D3C9CCE-8E41-4CEF-8E9B-54CFDECA74C7}.Release|x64.Build.0 = Release|Any CPU
		{5D3C9CCE-8E41-4CEF-8E9B-54CFDECA74C7}.Release|x86.ActiveCfg = Release|Any CPU
		{5D3C9CCE-8E41-4CEF-8E9B-54CFDECA74C7}.Release|x86.Build.0 = Release|Any CPU
		{B61E0721-2572-43CD-B2BE-16838C795012}.Debug|Any CPU.ActiveCfg = Debug|Any CPU
		{B61E0721-2572-43CD-B2BE-16838C795012}.Debug|Any CPU.Build.0 = Debug|Any CPU
		{B61E0721-2572-43CD-B2BE-16838C795012}.Debug|x64.ActiveCfg = Debug|Any CPU
		{B61E0721-2572-43CD-B2BE-16838C795012}.Debug|x64.Build.0 = Debug|Any CPU
		{B61E0721-2572-43CD-B2BE-16838C795012}.Debug|x86.ActiveCfg = Debug|Any CPU
		{B61E0721-2572-43CD-B2BE-16838C795012}.Debug|x86.Build.0 = Debug|Any CPU
		{B61E0721-2572-43CD-B2BE-16838C795012}.Release|Any CPU.ActiveCfg = Release|Any CPU
		{B61E0721-2572-43CD-B2BE-16838C795012}.Release|Any CPU.Build.0 = Release|Any CPU
		{B61E0721-2572-43CD-B2BE-16838C795012}.Release|x64.ActiveCfg = Release|Any CPU
		{B61E0721-2572-43CD-B2BE-16838C795012}.Release|x64.Build.0 = Release|Any CPU
		{B61E0721-2572-43CD-B2BE-16838C795012}.Release|x86.ActiveCfg = Release|Any CPU
		{B61E0721-2572-43CD-B2BE-16838C795012}.Release|x86.Build.0 = Release|Any CPU
		{0B0A9B9E-4A56-4C32-9BC2-DA2530ACB5B3}.Debug|Any CPU.ActiveCfg = Debug|Any CPU
		{0B0A9B9E-4A56-4C32-9BC2-DA2530ACB5B3}.Debug|Any CPU.Build.0 = Debug|Any CPU
		{0B0A9B9E-4A56-4C32-9BC2-DA2530ACB5B3}.Debug|x64.ActiveCfg = Debug|Any CPU
		{0B0A9B9E-4A56-4C32-9BC2-DA2530ACB5B3}.Debug|x64.Build.0 = Debug|Any CPU
		{0B0A9B9E-4A56-4C32-9BC2-DA2530ACB5B3}.Debug|x86.ActiveCfg = Debug|Any CPU
		{0B0A9B9E-4A56-4C32-9BC2-DA2530ACB5B3}.Debug|x86.Build.0 = Debug|Any CPU
		{0B0A9B9E-4A56-4C32-9BC2-DA2530ACB5B3}.Release|Any CPU.ActiveCfg = Release|Any CPU
		{0B0A9B9E-4A56-4C32-9BC2-DA2530ACB5B3}.Release|Any CPU.Build.0 = Release|Any CPU
		{0B0A9B9E-4A56-4C32-9BC2-DA2530ACB5B3}.Release|x64.ActiveCfg = Release|Any CPU
		{0B0A9B9E-4A56-4C32-9BC2-DA2530ACB5B3}.Release|x64.Build.0 = Release|Any CPU
		{0B0A9B9E-4A56-4C32-9BC2-DA2530ACB5B3}.Release|x86.ActiveCfg = Release|Any CPU
		{0B0A9B9E-4A56-4C32-9BC2-DA2530ACB5B3}.Release|x86.Build.0 = Release|Any CPU
	EndGlobalSection
EndGlobal
